// !$*UTF8*$!
{
	archiveVersion = 1;
	classes = {
	};
	objectVersion = 50;
	objects = {

/* Begin PBXBuildFile section */
		94BC613120F922640073D3E2 /* AppDelegate.swift in Sources */ = {isa = PBXBuildFile; fileRef = 94BC613020F922640073D3E2 /* AppDelegate.swift */; };
		94BC613320F922640073D3E2 /* ViewController.swift in Sources */ = {isa = PBXBuildFile; fileRef = 94BC613220F922640073D3E2 /* ViewController.swift */; };
		94BC613820F922660073D3E2 /* Assets.xcassets in Resources */ = {isa = PBXBuildFile; fileRef = 94BC613720F922660073D3E2 /* Assets.xcassets */; };
		94BC613B20F922660073D3E2 /* LaunchScreen.storyboard in Resources */ = {isa = PBXBuildFile; fileRef = 94BC613920F922660073D3E2 /* LaunchScreen.storyboard */; };
		94BC614320F922F30073D3E2 /* Fabulous.framework in Frameworks */ = {isa = PBXBuildFile; fileRef = 94BC614220F922F30073D3E2 /* Fabulous.framework */; };
		94BC614420F922F30073D3E2 /* Fabulous.framework in Embed Frameworks */ = {isa = PBXBuildFile; fileRef = 94BC614220F922F30073D3E2 /* Fabulous.framework */; settings = {ATTRIBUTES = (CodeSignOnCopy, RemoveHeadersOnCopy, ); }; };
/* End PBXBuildFile section */

/* Begin PBXContainerItemProxy section */
		B518A7AA210B5CFA0018E93C /* PBXContainerItemProxy */ = {
			isa = PBXContainerItemProxy;
			containerPortal = B518A7A6210B5CFA0018E93C /* Fabulous.xcodeproj */;
			proxyType = 2;
			remoteGlobalIDString = 947A47B020EA8B19005A353D;
			remoteInfo = Fabulous;
		};
/* End PBXContainerItemProxy section */

/* Begin PBXCopyFilesBuildPhase section */
		94BC614520F922F40073D3E2 /* Embed Frameworks */ = {
			isa = PBXCopyFilesBuildPhase;
			buildActionMask = 2147483647;
			dstPath = "";
			dstSubfolderSpec = 10;
			files = (
				94BC614420F922F30073D3E2 /* Fabulous.framework in Embed Frameworks */,
			);
			name = "Embed Frameworks";
			runOnlyForDeploymentPostprocessing = 0;
		};
/* End PBXCopyFilesBuildPhase section */

/* Begin PBXFileReference section */
		94BC612D20F922640073D3E2 /* FabulousDemo.app */ = {isa = PBXFileReference; explicitFileType = wrapper.application; includeInIndex = 0; path = FabulousDemo.app; sourceTree = BUILT_PRODUCTS_DIR; };
		94BC613020F922640073D3E2 /* AppDelegate.swift */ = {isa = PBXFileReference; lastKnownFileType = sourcecode.swift; path = AppDelegate.swift; sourceTree = "<group>"; };
		94BC613220F922640073D3E2 /* ViewController.swift */ = {isa = PBXFileReference; lastKnownFileType = sourcecode.swift; path = ViewController.swift; sourceTree = "<group>"; };
		94BC613720F922660073D3E2 /* Assets.xcassets */ = {isa = PBXFileReference; lastKnownFileType = folder.assetcatalog; path = Assets.xcassets; sourceTree = "<group>"; };
		94BC613A20F922660073D3E2 /* Base */ = {isa = PBXFileReference; lastKnownFileType = file.storyboard; name = Base; path = Base.lproj/LaunchScreen.storyboard; sourceTree = "<group>"; };
		94BC613C20F922660073D3E2 /* Info.plist */ = {isa = PBXFileReference; lastKnownFileType = text.plist.xml; path = Info.plist; sourceTree = "<group>"; };
		94BC614220F922F30073D3E2 /* Fabulous.framework */ = {isa = PBXFileReference; explicitFileType = wrapper.framework; path = Fabulous.framework; sourceTree = BUILT_PRODUCTS_DIR; };
		B518A7A6210B5CFA0018E93C /* Fabulous.xcodeproj */ = {isa = PBXFileReference; lastKnownFileType = "wrapper.pb-project"; name = Fabulous.xcodeproj; path = ../Fabulous.xcodeproj; sourceTree = "<group>"; };
/* End PBXFileReference section */

/* Begin PBXFrameworksBuildPhase section */
		94BC612A20F922640073D3E2 /* Frameworks */ = {
			isa = PBXFrameworksBuildPhase;
			buildActionMask = 2147483647;
			files = (
				94BC614320F922F30073D3E2 /* Fabulous.framework in Frameworks */,
			);
			runOnlyForDeploymentPostprocessing = 0;
		};
/* End PBXFrameworksBuildPhase section */

/* Begin PBXGroup section */
		94BC612420F922640073D3E2 = {
			isa = PBXGroup;
			children = (
				94BC614220F922F30073D3E2 /* Fabulous.framework */,
				94BC612F20F922640073D3E2 /* FabulousDemo */,
				94BC612E20F922640073D3E2 /* Products */,
				B518A7A6210B5CFA0018E93C /* Fabulous.xcodeproj */,
			);
			sourceTree = "<group>";
		};
		94BC612E20F922640073D3E2 /* Products */ = {
			isa = PBXGroup;
			children = (
				94BC612D20F922640073D3E2 /* FabulousDemo.app */,
			);
			name = Products;
			sourceTree = "<group>";
		};
		94BC612F20F922640073D3E2 /* FabulousDemo */ = {
			isa = PBXGroup;
			children = (
				94BC613020F922640073D3E2 /* AppDelegate.swift */,
				94BC613220F922640073D3E2 /* ViewController.swift */,
				94BC613720F922660073D3E2 /* Assets.xcassets */,
				94BC613920F922660073D3E2 /* LaunchScreen.storyboard */,
				94BC613C20F922660073D3E2 /* Info.plist */,
			);
			path = FabulousDemo;
			sourceTree = "<group>";
		};
		B518A7A7210B5CFA0018E93C /* Products */ = {
			isa = PBXGroup;
			children = (
				B518A7AB210B5CFA0018E93C /* Fabulous.framework */,
			);
			name = Products;
			sourceTree = "<group>";
		};
/* End PBXGroup section */

/* Begin PBXNativeTarget section */
		94BC612C20F922640073D3E2 /* FabulousDemo */ = {
			isa = PBXNativeTarget;
			buildConfigurationList = 94BC613F20F922660073D3E2 /* Build configuration list for PBXNativeTarget "FabulousDemo" */;
			buildPhases = (
				94BC612920F922640073D3E2 /* Sources */,
				94BC612A20F922640073D3E2 /* Frameworks */,
				94BC612B20F922640073D3E2 /* Resources */,
				94BC614520F922F40073D3E2 /* Embed Frameworks */,
			);
			buildRules = (
			);
			dependencies = (
			);
			name = FabulousDemo;
			productName = FabulousDemo;
			productReference = 94BC612D20F922640073D3E2 /* FabulousDemo.app */;
			productType = "com.apple.product-type.application";
		};
/* End PBXNativeTarget section */

/* Begin PBXProject section */
		94BC612520F922640073D3E2 /* Project object */ = {
			isa = PBXProject;
			attributes = {
				LastSwiftUpdateCheck = 0930;
				LastUpgradeCheck = 0930;
				ORGANIZATIONNAME = "Duet Health LLC";
				TargetAttributes = {
					94BC612C20F922640073D3E2 = {
						CreatedOnToolsVersion = 9.3;
					};
				};
			};
			buildConfigurationList = 94BC612820F922640073D3E2 /* Build configuration list for PBXProject "FabulousDemo" */;
			compatibilityVersion = "Xcode 9.3";
			developmentRegion = en;
			hasScannedForEncodings = 0;
			knownRegions = (
				en,
				Base,
			);
			mainGroup = 94BC612420F922640073D3E2;
			productRefGroup = 94BC612E20F922640073D3E2 /* Products */;
			projectDirPath = "";
			projectReferences = (
				{
					ProductGroup = B518A7A7210B5CFA0018E93C /* Products */;
					ProjectRef = B518A7A6210B5CFA0018E93C /* Fabulous.xcodeproj */;
				},
			);
			projectRoot = "";
			targets = (
				94BC612C20F922640073D3E2 /* FabulousDemo */,
			);
		};
/* End PBXProject section */

/* Begin PBXReferenceProxy section */
		B518A7AB210B5CFA0018E93C /* Fabulous.framework */ = {
			isa = PBXReferenceProxy;
			fileType = wrapper.framework;
			path = Fabulous.framework;
			remoteRef = B518A7AA210B5CFA0018E93C /* PBXContainerItemProxy */;
			sourceTree = BUILT_PRODUCTS_DIR;
		};
/* End PBXReferenceProxy section */

/* Begin PBXResourcesBuildPhase section */
		94BC612B20F922640073D3E2 /* Resources */ = {
			isa = PBXResourcesBuildPhase;
			buildActionMask = 2147483647;
			files = (
				94BC613B20F922660073D3E2 /* LaunchScreen.storyboard in Resources */,
				94BC613820F922660073D3E2 /* Assets.xcassets in Resources */,
			);
			runOnlyForDeploymentPostprocessing = 0;
		};
/* End PBXResourcesBuildPhase section */

/* Begin PBXSourcesBuildPhase section */
		94BC612920F922640073D3E2 /* Sources */ = {
			isa = PBXSourcesBuildPhase;
			buildActionMask = 2147483647;
			files = (
				94BC613320F922640073D3E2 /* ViewController.swift in Sources */,
				94BC613120F922640073D3E2 /* AppDelegate.swift in Sources */,
			);
			runOnlyForDeploymentPostprocessing = 0;
		};
/* End PBXSourcesBuildPhase section */

/* Begin PBXVariantGroup section */
		94BC613920F922660073D3E2 /* LaunchScreen.storyboard */ = {
			isa = PBXVariantGroup;
			children = (
				94BC613A20F922660073D3E2 /* Base */,
			);
			name = LaunchScreen.storyboard;
			sourceTree = "<group>";
		};
/* End PBXVariantGroup section */

/* Begin XCBuildConfiguration section */
		94BC613D20F922660073D3E2 /* Debug */ = {
			isa = XCBuildConfiguration;
			buildSettings = {
				ALWAYS_SEARCH_USER_PATHS = NO;
				CLANG_ANALYZER_NONNULL = YES;
				CLANG_ANALYZER_NUMBER_OBJECT_CONVERSION = YES_AGGRESSIVE;
				CLANG_CXX_LANGUAGE_STANDARD = "gnu++14";
				CLANG_CXX_LIBRARY = "libc++";
				CLANG_ENABLE_MODULES = YES;
				CLANG_ENABLE_OBJC_ARC = YES;
				CLANG_ENABLE_OBJC_WEAK = YES;
				CLANG_WARN_BLOCK_CAPTURE_AUTORELEASING = YES;
				CLANG_WARN_BOOL_CONVERSION = YES;
				CLANG_WARN_COMMA = YES;
				CLANG_WARN_CONSTANT_CONVERSION = YES;
				CLANG_WARN_DEPRECATED_OBJC_IMPLEMENTATIONS = YES;
				CLANG_WARN_DIRECT_OBJC_ISA_USAGE = YES_ERROR;
				CLANG_WARN_DOCUMENTATION_COMMENTS = YES;
				CLANG_WARN_EMPTY_BODY = YES;
				CLANG_WARN_ENUM_CONVERSION = YES;
				CLANG_WARN_INFINITE_RECURSION = YES;
				CLANG_WARN_INT_CONVERSION = YES;
				CLANG_WARN_NON_LITERAL_NULL_CONVERSION = YES;
				CLANG_WARN_OBJC_IMPLICIT_RETAIN_SELF = YES;
				CLANG_WARN_OBJC_LITERAL_CONVERSION = YES;
				CLANG_WARN_OBJC_ROOT_CLASS = YES_ERROR;
				CLANG_WARN_RANGE_LOOP_ANALYSIS = YES;
				CLANG_WARN_STRICT_PROTOTYPES = YES;
				CLANG_WARN_SUSPICIOUS_MOVE = YES;
				CLANG_WARN_UNGUARDED_AVAILABILITY = YES_AGGRESSIVE;
				CLANG_WARN_UNREACHABLE_CODE = YES;
				CLANG_WARN__DUPLICATE_METHOD_MATCH = YES;
				CODE_SIGN_IDENTITY = "iPhone Developer";
				COPY_PHASE_STRIP = NO;
				DEBUG_INFORMATION_FORMAT = dwarf;
				ENABLE_STRICT_OBJC_MSGSEND = YES;
				ENABLE_TESTABILITY = YES;
				GCC_C_LANGUAGE_STANDARD = gnu11;
				GCC_DYNAMIC_NO_PIC = NO;
				GCC_NO_COMMON_BLOCKS = YES;
				GCC_OPTIMIZATION_LEVEL = 0;
				GCC_PREPROCESSOR_DEFINITIONS = (
					"DEBUG=1",
					"$(inherited)",
				);
				GCC_WARN_64_TO_32_BIT_CONVERSION = YES;
				GCC_WARN_ABOUT_RETURN_TYPE = YES_ERROR;
				GCC_WARN_UNDECLARED_SELECTOR = YES;
				GCC_WARN_UNINITIALIZED_AUTOS = YES_AGGRESSIVE;
				GCC_WARN_UNUSED_FUNCTION = YES;
				GCC_WARN_UNUSED_VARIABLE = YES;
				IPHONEOS_DEPLOYMENT_TARGET = 11.3;
				MTL_ENABLE_DEBUG_INFO = YES;
				ONLY_ACTIVE_ARCH = YES;
				SDKROOT = iphoneos;
				SWIFT_ACTIVE_COMPILATION_CONDITIONS = DEBUG;
				SWIFT_OPTIMIZATION_LEVEL = "-Onone";
			};
			name = Debug;
		};
		94BC613E20F922660073D3E2 /* Release */ = {
			isa = XCBuildConfiguration;
			buildSettings = {
				ALWAYS_SEARCH_USER_PATHS = NO;
				CLANG_ANALYZER_NONNULL = YES;
				CLANG_ANALYZER_NUMBER_OBJECT_CONVERSION = YES_AGGRESSIVE;
				CLANG_CXX_LANGUAGE_STANDARD = "gnu++14";
				CLANG_CXX_LIBRARY = "libc++";
				CLANG_ENABLE_MODULES = YES;
				CLANG_ENABLE_OBJC_ARC = YES;
				CLANG_ENABLE_OBJC_WEAK = YES;
				CLANG_WARN_BLOCK_CAPTURE_AUTORELEASING = YES;
				CLANG_WARN_BOOL_CONVERSION = YES;
				CLANG_WARN_COMMA = YES;
				CLANG_WARN_CONSTANT_CONVERSION = YES;
				CLANG_WARN_DEPRECATED_OBJC_IMPLEMENTATIONS = YES;
				CLANG_WARN_DIRECT_OBJC_ISA_USAGE = YES_ERROR;
				CLANG_WARN_DOCUMENTATION_COMMENTS = YES;
				CLANG_WARN_EMPTY_BODY = YES;
				CLANG_WARN_ENUM_CONVERSION = YES;
				CLANG_WARN_INFINITE_RECURSION = YES;
				CLANG_WARN_INT_CONVERSION = YES;
				CLANG_WARN_NON_LITERAL_NULL_CONVERSION = YES;
				CLANG_WARN_OBJC_IMPLICIT_RETAIN_SELF = YES;
				CLANG_WARN_OBJC_LITERAL_CONVERSION = YES;
				CLANG_WARN_OBJC_ROOT_CLASS = YES_ERROR;
				CLANG_WARN_RANGE_LOOP_ANALYSIS = YES;
				CLANG_WARN_STRICT_PROTOTYPES = YES;
				CLANG_WARN_SUSPICIOUS_MOVE = YES;
				CLANG_WARN_UNGUARDED_AVAILABILITY = YES_AGGRESSIVE;
				CLANG_WARN_UNREACHABLE_CODE = YES;
				CLANG_WARN__DUPLICATE_METHOD_MATCH = YES;
				CODE_SIGN_IDENTITY = "iPhone Developer";
				COPY_PHASE_STRIP = NO;
				DEBUG_INFORMATION_FORMAT = "dwarf-with-dsym";
				ENABLE_NS_ASSERTIONS = NO;
				ENABLE_STRICT_OBJC_MSGSEND = YES;
				GCC_C_LANGUAGE_STANDARD = gnu11;
				GCC_NO_COMMON_BLOCKS = YES;
				GCC_WARN_64_TO_32_BIT_CONVERSION = YES;
				GCC_WARN_ABOUT_RETURN_TYPE = YES_ERROR;
				GCC_WARN_UNDECLARED_SELECTOR = YES;
				GCC_WARN_UNINITIALIZED_AUTOS = YES_AGGRESSIVE;
				GCC_WARN_UNUSED_FUNCTION = YES;
				GCC_WARN_UNUSED_VARIABLE = YES;
				IPHONEOS_DEPLOYMENT_TARGET = 11.3;
				MTL_ENABLE_DEBUG_INFO = NO;
				SDKROOT = iphoneos;
				SWIFT_COMPILATION_MODE = wholemodule;
				SWIFT_OPTIMIZATION_LEVEL = "-O";
				VALIDATE_PRODUCT = YES;
			};
			name = Release;
		};
		94BC614020F922660073D3E2 /* Debug */ = {
			isa = XCBuildConfiguration;
			buildSettings = {
				ASSETCATALOG_COMPILER_APPICON_NAME = AppIcon;
				CODE_SIGN_STYLE = Automatic;
				DEVELOPMENT_TEAM = 75Y586SA36;
				INFOPLIST_FILE = FabulousDemo/Info.plist;
				IPHONEOS_DEPLOYMENT_TARGET = 10.3;
				LD_RUNPATH_SEARCH_PATHS = (
					"$(inherited)",
					"@executable_path/Frameworks",
				);
				PRODUCT_BUNDLE_IDENTIFIER = com.duet.fabulous.FabulousDemo;
				PRODUCT_NAME = "$(TARGET_NAME)";
				SWIFT_VERSION = 4.0;
				TARGETED_DEVICE_FAMILY = "1,2";
			};
			name = Debug;
		};
		94BC614120F922660073D3E2 /* Release */ = {
			isa = XCBuildConfiguration;
			buildSettings = {
				ASSETCATALOG_COMPILER_APPICON_NAME = AppIcon;
				CODE_SIGN_STYLE = Automatic;
				DEVELOPMENT_TEAM = 75Y586SA36;
				INFOPLIST_FILE = FabulousDemo/Info.plist;
				IPHONEOS_DEPLOYMENT_TARGET = 10.3;
				LD_RUNPATH_SEARCH_PATHS = (
					"$(inherited)",
					"@executable_path/Frameworks",
				);
				PRODUCT_BUNDLE_IDENTIFIER = com.duet.fabulous.FabulousDemo;
				PRODUCT_NAME = "$(TARGET_NAME)";
				SWIFT_VERSION = 4.0;
				TARGETED_DEVICE_FAMILY = "1,2";
			};
			name = Release;
		};
/* End XCBuildConfiguration section */

/* Begin XCConfigurationList section */
		94BC612820F922640073D3E2 /* Build configuration list for PBXProject "FabulousDemo" */ = {
			isa = XCConfigurationList;
			buildConfigurations = (
				94BC613D20F922660073D3E2 /* Debug */,
				94BC613E20F922660073D3E2 /* Release */,
			);
			defaultConfigurationIsVisible = 0;
			defaultConfigurationName = Release;
		};
		94BC613F20F922660073D3E2 /* Build configuration list for PBXNativeTarget "FabulousDemo" */ = {
			isa = XCConfigurationList;
			buildConfigurations = (
				94BC614020F922660073D3E2 /* Debug */,
				94BC614120F922660073D3E2 /* Release */,
			);
			defaultConfigurationIsVisible = 0;
			defaultConfigurationName = Release;
		};
/* End XCConfigurationList section */
	};
	rootObject = 94BC612520F922640073D3E2 /* Project object */;
}
